// !$*UTF8*$!
{
	archiveVersion = 1;
	classes = {
	};
	objectVersion = 50;
	objects = {

/* Begin PBXBuildFile section */
		F55DB77D20D78FA60055A3A6 /* TSNavigationController.podspec in Resources */ = {isa = PBXBuildFile; fileRef = F55DB77B20D78FA50055A3A6 /* TSNavigationController.podspec */; };
		F55DB77E20D78FA60055A3A6 /* LICENSE in Resources */ = {isa = PBXBuildFile; fileRef = F55DB77C20D78FA60055A3A6 /* LICENSE */; };
		F55F0B9B20D5FE0F00BEC5BC /* TSTestHomeViewController.swift in Sources */ = {isa = PBXBuildFile; fileRef = F55F0B9A20D5FE0F00BEC5BC /* TSTestHomeViewController.swift */; };
		F55F0BA120D6001000BEC5BC /* TSTabbarSecondViewController.swift in Sources */ = {isa = PBXBuildFile; fileRef = F55F0BA020D6001000BEC5BC /* TSTabbarSecondViewController.swift */; };
		F55F0BA320D65FE100BEC5BC /* UIViewController+NavigationBarConfig.swift in Sources */ = {isa = PBXBuildFile; fileRef = F55F0BA220D65FE100BEC5BC /* UIViewController+NavigationBarConfig.swift */; };
		F55F0BA820D6614600BEC5BC /* tsnavigitionBackArrow.png in Resources */ = {isa = PBXBuildFile; fileRef = F55F0BA520D6614600BEC5BC /* tsnavigitionBackArrow.png */; };
		F55F0BA920D6614600BEC5BC /* tsnavigitionBackArrow@2x.png in Resources */ = {isa = PBXBuildFile; fileRef = F55F0BA620D6614600BEC5BC /* tsnavigitionBackArrow@2x.png */; };
		F55F0BAA20D6614600BEC5BC /* tsnavigitionBackArrow@3x.png in Resources */ = {isa = PBXBuildFile; fileRef = F55F0BA720D6614600BEC5BC /* tsnavigitionBackArrow@3x.png */; };
		F57E08C620D4BB170048415F /* AppDelegate.swift in Sources */ = {isa = PBXBuildFile; fileRef = F57E08C520D4BB170048415F /* AppDelegate.swift */; };
		F57E08C820D4BB170048415F /* ViewController.swift in Sources */ = {isa = PBXBuildFile; fileRef = F57E08C720D4BB170048415F /* ViewController.swift */; };
		F57E08CB20D4BB170048415F /* Main.storyboard in Resources */ = {isa = PBXBuildFile; fileRef = F57E08C920D4BB170048415F /* Main.storyboard */; };
		F57E08CD20D4BB190048415F /* Assets.xcassets in Resources */ = {isa = PBXBuildFile; fileRef = F57E08CC20D4BB190048415F /* Assets.xcassets */; };
		F57E08D020D4BB190048415F /* LaunchScreen.storyboard in Resources */ = {isa = PBXBuildFile; fileRef = F57E08CE20D4BB190048415F /* LaunchScreen.storyboard */; };
		F57E08DB20D4BB190048415F /* TSNavigationControllerTests.swift in Sources */ = {isa = PBXBuildFile; fileRef = F57E08DA20D4BB190048415F /* TSNavigationControllerTests.swift */; };
		F57E08E620D4BB190048415F /* TSNavigationControllerUITests.swift in Sources */ = {isa = PBXBuildFile; fileRef = F57E08E520D4BB190048415F /* TSNavigationControllerUITests.swift */; };
		F57E08F720D503B10048415F /* TSNavigationController.swift in Sources */ = {isa = PBXBuildFile; fileRef = F57E08F620D503B10048415F /* TSNavigationController.swift */; };
		F57E090320D50BC60048415F /* TSWrapViewController.swift in Sources */ = {isa = PBXBuildFile; fileRef = F57E090220D50BC60048415F /* TSWrapViewController.swift */; };
		F57E090520D50C8B0048415F /* TSVisibleNavigationController.swift in Sources */ = {isa = PBXBuildFile; fileRef = F57E090420D50C8B0048415F /* TSVisibleNavigationController.swift */; };
/* End PBXBuildFile section */

/* Begin PBXContainerItemProxy section */
		F57E08D720D4BB190048415F /* PBXContainerItemProxy */ = {
			isa = PBXContainerItemProxy;
			containerPortal = F57E08BA20D4BB170048415F /* Project object */;
			proxyType = 1;
			remoteGlobalIDString = F57E08C120D4BB170048415F;
			remoteInfo = TSNavigationController;
		};
		F57E08E220D4BB190048415F /* PBXContainerItemProxy */ = {
			isa = PBXContainerItemProxy;
			containerPortal = F57E08BA20D4BB170048415F /* Project object */;
			proxyType = 1;
			remoteGlobalIDString = F57E08C120D4BB170048415F;
			remoteInfo = TSNavigationController;
		};
/* End PBXContainerItemProxy section */

/* Begin PBXFileReference section */
		F55DB77B20D78FA50055A3A6 /* TSNavigationController.podspec */ = {isa = PBXFileReference; fileEncoding = 4; lastKnownFileType = text; path = TSNavigationController.podspec; sourceTree = SOURCE_ROOT; };
		F55DB77C20D78FA60055A3A6 /* LICENSE */ = {isa = PBXFileReference; fileEncoding = 4; lastKnownFileType = text; path = LICENSE; sourceTree = SOURCE_ROOT; };
		F55F0B9A20D5FE0F00BEC5BC /* TSTestHomeViewController.swift */ = {isa = PBXFileReference; lastKnownFileType = sourcecode.swift; path = TSTestHomeViewController.swift; sourceTree = "<group>"; };
		F55F0BA020D6001000BEC5BC /* TSTabbarSecondViewController.swift */ = {isa = PBXFileReference; lastKnownFileType = sourcecode.swift; path = TSTabbarSecondViewController.swift; sourceTree = "<group>"; };
		F55F0BA220D65FE100BEC5BC /* UIViewController+NavigationBarConfig.swift */ = {isa = PBXFileReference; lastKnownFileType = sourcecode.swift; path = "UIViewController+NavigationBarConfig.swift"; sourceTree = "<group>"; };
		F55F0BA520D6614600BEC5BC /* tsnavigitionBackArrow.png */ = {isa = PBXFileReference; lastKnownFileType = image.png; path = tsnavigitionBackArrow.png; sourceTree = "<group>"; };
		F55F0BA620D6614600BEC5BC /* tsnavigitionBackArrow@2x.png */ = {isa = PBXFileReference; lastKnownFileType = image.png; path = "tsnavigitionBackArrow@2x.png"; sourceTree = "<group>"; };
		F55F0BA720D6614600BEC5BC /* tsnavigitionBackArrow@3x.png */ = {isa = PBXFileReference; lastKnownFileType = image.png; path = "tsnavigitionBackArrow@3x.png"; sourceTree = "<group>"; };
		F57E08C220D4BB170048415F /* TSNavigationController.app */ = {isa = PBXFileReference; explicitFileType = wrapper.application; includeInIndex = 0; path = TSNavigationController.app; sourceTree = BUILT_PRODUCTS_DIR; };
		F57E08C520D4BB170048415F /* AppDelegate.swift */ = {isa = PBXFileReference; lastKnownFileType = sourcecode.swift; path = AppDelegate.swift; sourceTree = "<group>"; };
		F57E08C720D4BB170048415F /* ViewController.swift */ = {isa = PBXFileReference; lastKnownFileType = sourcecode.swift; path = ViewController.swift; sourceTree = "<group>"; };
		F57E08CA20D4BB170048415F /* Base */ = {isa = PBXFileReference; lastKnownFileType = file.storyboard; name = Base; path = Base.lproj/Main.storyboard; sourceTree = "<group>"; };
		F57E08CC20D4BB190048415F /* Assets.xcassets */ = {isa = PBXFileReference; lastKnownFileType = folder.assetcatalog; path = Assets.xcassets; sourceTree = "<group>"; };
		F57E08CF20D4BB190048415F /* Base */ = {isa = PBXFileReference; lastKnownFileType = file.storyboard; name = Base; path = Base.lproj/LaunchScreen.storyboard; sourceTree = "<group>"; };
		F57E08D120D4BB190048415F /* Info.plist */ = {isa = PBXFileReference; lastKnownFileType = text.plist.xml; path = Info.plist; sourceTree = "<group>"; };
		F57E08D620D4BB190048415F /* TSNavigationControllerTests.xctest */ = {isa = PBXFileReference; explicitFileType = wrapper.cfbundle; includeInIndex = 0; path = TSNavigationControllerTests.xctest; sourceTree = BUILT_PRODUCTS_DIR; };
		F57E08DA20D4BB190048415F /* TSNavigationControllerTests.swift */ = {isa = PBXFileReference; lastKnownFileType = sourcecode.swift; path = TSNavigationControllerTests.swift; sourceTree = "<group>"; };
		F57E08DC20D4BB190048415F /* Info.plist */ = {isa = PBXFileReference; lastKnownFileType = text.plist.xml; path = Info.plist; sourceTree = "<group>"; };
		F57E08E120D4BB190048415F /* TSNavigationControllerUITests.xctest */ = {isa = PBXFileReference; explicitFileType = wrapper.cfbundle; includeInIndex = 0; path = TSNavigationControllerUITests.xctest; sourceTree = BUILT_PRODUCTS_DIR; };
		F57E08E520D4BB190048415F /* TSNavigationControllerUITests.swift */ = {isa = PBXFileReference; lastKnownFileType = sourcecode.swift; path = TSNavigationControllerUITests.swift; sourceTree = "<group>"; };
		F57E08E720D4BB190048415F /* Info.plist */ = {isa = PBXFileReference; lastKnownFileType = text.plist.xml; path = Info.plist; sourceTree = "<group>"; };
		F57E08F620D503B10048415F /* TSNavigationController.swift */ = {isa = PBXFileReference; lastKnownFileType = sourcecode.swift; path = TSNavigationController.swift; sourceTree = "<group>"; };
		F57E090220D50BC60048415F /* TSWrapViewController.swift */ = {isa = PBXFileReference; lastKnownFileType = sourcecode.swift; path = TSWrapViewController.swift; sourceTree = "<group>"; };
		F57E090420D50C8B0048415F /* TSVisibleNavigationController.swift */ = {isa = PBXFileReference; lastKnownFileType = sourcecode.swift; path = TSVisibleNavigationController.swift; sourceTree = "<group>"; };
/* End PBXFileReference section */

/* Begin PBXFrameworksBuildPhase section */
		F57E08BF20D4BB170048415F /* Frameworks */ = {
			isa = PBXFrameworksBuildPhase;
			buildActionMask = 2147483647;
			files = (
			);
			runOnlyForDeploymentPostprocessing = 0;
		};
		F57E08D320D4BB190048415F /* Frameworks */ = {
			isa = PBXFrameworksBuildPhase;
			buildActionMask = 2147483647;
			files = (
			);
			runOnlyForDeploymentPostprocessing = 0;
		};
		F57E08DE20D4BB190048415F /* Frameworks */ = {
			isa = PBXFrameworksBuildPhase;
			buildActionMask = 2147483647;
			files = (
			);
			runOnlyForDeploymentPostprocessing = 0;
		};
/* End PBXFrameworksBuildPhase section */

/* Begin PBXGroup section */
		F55F0B9920D5FDF400BEC5BC /* test */ = {
			isa = PBXGroup;
			children = (
				F55F0B9A20D5FE0F00BEC5BC /* TSTestHomeViewController.swift */,
				F55F0BA020D6001000BEC5BC /* TSTabbarSecondViewController.swift */,
			);
			path = test;
			sourceTree = "<group>";
		};
		F55F0B9E20D5FE2A00BEC5BC /* main */ = {
			isa = PBXGroup;
			children = (
				F57E08F620D503B10048415F /* TSNavigationController.swift */,
				F55F0BA220D65FE100BEC5BC /* UIViewController+NavigationBarConfig.swift */,
			);
			path = main;
			sourceTree = "<group>";
		};
		F55F0B9F20D5FE5600BEC5BC /* auxiliary */ = {
			isa = PBXGroup;
			children = (
				F57E090220D50BC60048415F /* TSWrapViewController.swift */,
				F57E090420D50C8B0048415F /* TSVisibleNavigationController.swift */,
			);
			path = auxiliary;
			sourceTree = "<group>";
		};
		F55F0BA420D6601D00BEC5BC /* source */ = {
			isa = PBXGroup;
			children = (
				F55F0BA520D6614600BEC5BC /* tsnavigitionBackArrow.png */,
				F55F0BA620D6614600BEC5BC /* tsnavigitionBackArrow@2x.png */,
				F55F0BA720D6614600BEC5BC /* tsnavigitionBackArrow@3x.png */,
			);
			path = source;
			sourceTree = "<group>";
		};
		F57E08B920D4BB170048415F = {
			isa = PBXGroup;
			children = (
				F57E08C420D4BB170048415F /* TSNavigationController */,
				F57E08D920D4BB190048415F /* TSNavigationControllerTests */,
				F57E08E420D4BB190048415F /* TSNavigationControllerUITests */,
				F57E08C320D4BB170048415F /* Products */,
			);
			sourceTree = "<group>";
		};
		F57E08C320D4BB170048415F /* Products */ = {
			isa = PBXGroup;
			children = (
				F57E08C220D4BB170048415F /* TSNavigationController.app */,
				F57E08D620D4BB190048415F /* TSNavigationControllerTests.xctest */,
				F57E08E120D4BB190048415F /* TSNavigationControllerUITests.xctest */,
			);
			name = Products;
			sourceTree = "<group>";
		};
		F57E08C420D4BB170048415F /* TSNavigationController */ = {
			isa = PBXGroup;
			children = (
				F55DB77C20D78FA60055A3A6 /* LICENSE */,
				F55DB77B20D78FA50055A3A6 /* TSNavigationController.podspec */,
				F57E08F520D502B90048415F /* code */,
				F55F0B9920D5FDF400BEC5BC /* test */,
				F57E08C520D4BB170048415F /* AppDelegate.swift */,
				F57E08C720D4BB170048415F /* ViewController.swift */,
				F57E08C920D4BB170048415F /* Main.storyboard */,
				F57E08CC20D4BB190048415F /* Assets.xcassets */,
				F57E08CE20D4BB190048415F /* LaunchScreen.storyboard */,
				F57E08D120D4BB190048415F /* Info.plist */,
			);
			path = TSNavigationController;
			sourceTree = "<group>";
		};
		F57E08D920D4BB190048415F /* TSNavigationControllerTests */ = {
			isa = PBXGroup;
			children = (
				F57E08DA20D4BB190048415F /* TSNavigationControllerTests.swift */,
				F57E08DC20D4BB190048415F /* Info.plist */,
			);
			path = TSNavigationControllerTests;
			sourceTree = "<group>";
		};
		F57E08E420D4BB190048415F /* TSNavigationControllerUITests */ = {
			isa = PBXGroup;
			children = (
				F57E08E520D4BB190048415F /* TSNavigationControllerUITests.swift */,
				F57E08E720D4BB190048415F /* Info.plist */,
			);
			path = TSNavigationControllerUITests;
			sourceTree = "<group>";
		};
		F57E08F520D502B90048415F /* code */ = {
			isa = PBXGroup;
			children = (
				F55F0B9E20D5FE2A00BEC5BC /* main */,
				F55F0B9F20D5FE5600BEC5BC /* auxiliary */,
				F55F0BA420D6601D00BEC5BC /* source */,
			);
			path = code;
			sourceTree = "<group>";
		};
/* End PBXGroup section */

/* Begin PBXNativeTarget section */
		F57E08C120D4BB170048415F /* TSNavigationController */ = {
			isa = PBXNativeTarget;
			buildConfigurationList = F57E08EA20D4BB190048415F /* Build configuration list for PBXNativeTarget "TSNavigationController" */;
			buildPhases = (
				F57E08BE20D4BB170048415F /* Sources */,
				F57E08BF20D4BB170048415F /* Frameworks */,
				F57E08C020D4BB170048415F /* Resources */,
			);
			buildRules = (
			);
			dependencies = (
			);
			name = TSNavigationController;
			productName = TSNavigationController;
			productReference = F57E08C220D4BB170048415F /* TSNavigationController.app */;
			productType = "com.apple.product-type.application";
		};
		F57E08D520D4BB190048415F /* TSNavigationControllerTests */ = {
			isa = PBXNativeTarget;
			buildConfigurationList = F57E08ED20D4BB190048415F /* Build configuration list for PBXNativeTarget "TSNavigationControllerTests" */;
			buildPhases = (
				F57E08D220D4BB190048415F /* Sources */,
				F57E08D320D4BB190048415F /* Frameworks */,
				F57E08D420D4BB190048415F /* Resources */,
			);
			buildRules = (
			);
			dependencies = (
				F57E08D820D4BB190048415F /* PBXTargetDependency */,
			);
			name = TSNavigationControllerTests;
			productName = TSNavigationControllerTests;
			productReference = F57E08D620D4BB190048415F /* TSNavigationControllerTests.xctest */;
			productType = "com.apple.product-type.bundle.unit-test";
		};
		F57E08E020D4BB190048415F /* TSNavigationControllerUITests */ = {
			isa = PBXNativeTarget;
			buildConfigurationList = F57E08F020D4BB190048415F /* Build configuration list for PBXNativeTarget "TSNavigationControllerUITests" */;
			buildPhases = (
				F57E08DD20D4BB190048415F /* Sources */,
				F57E08DE20D4BB190048415F /* Frameworks */,
				F57E08DF20D4BB190048415F /* Resources */,
			);
			buildRules = (
			);
			dependencies = (
				F57E08E320D4BB190048415F /* PBXTargetDependency */,
			);
			name = TSNavigationControllerUITests;
			productName = TSNavigationControllerUITests;
			productReference = F57E08E120D4BB190048415F /* TSNavigationControllerUITests.xctest */;
			productType = "com.apple.product-type.bundle.ui-testing";
		};
/* End PBXNativeTarget section */

/* Begin PBXProject section */
		F57E08BA20D4BB170048415F /* Project object */ = {
			isa = PBXProject;
			attributes = {
				LastSwiftUpdateCheck = 0930;
				LastUpgradeCheck = 0930;
				ORGANIZATIONNAME = caiqr;
				TargetAttributes = {
					F57E08C120D4BB170048415F = {
						CreatedOnToolsVersion = 9.3.1;
					};
					F57E08D520D4BB190048415F = {
						CreatedOnToolsVersion = 9.3.1;
						TestTargetID = F57E08C120D4BB170048415F;
					};
					F57E08E020D4BB190048415F = {
						CreatedOnToolsVersion = 9.3.1;
						TestTargetID = F57E08C120D4BB170048415F;
					};
				};
			};
			buildConfigurationList = F57E08BD20D4BB170048415F /* Build configuration list for PBXProject "TSNavigationController" */;
			compatibilityVersion = "Xcode 9.3";
			developmentRegion = en;
			hasScannedForEncodings = 0;
			knownRegions = (
				en,
				Base,
			);
			mainGroup = F57E08B920D4BB170048415F;
			productRefGroup = F57E08C320D4BB170048415F /* Products */;
			projectDirPath = "";
			projectRoot = "";
			targets = (
				F57E08C120D4BB170048415F /* TSNavigationController */,
				F57E08D520D4BB190048415F /* TSNavigationControllerTests */,
				F57E08E020D4BB190048415F /* TSNavigationControllerUITests */,
			);
		};
/* End PBXProject section */

/* Begin PBXResourcesBuildPhase section */
		F57E08C020D4BB170048415F /* Resources */ = {
			isa = PBXResourcesBuildPhase;
			buildActionMask = 2147483647;
			files = (
				F55DB77D20D78FA60055A3A6 /* TSNavigationController.podspec in Resources */,
				F57E08D020D4BB190048415F /* LaunchScreen.storyboard in Resources */,
				F55DB77E20D78FA60055A3A6 /* LICENSE in Resources */,
				F57E08CD20D4BB190048415F /* Assets.xcassets in Resources */,
				F57E08CB20D4BB170048415F /* Main.storyboard in Resources */,
				F55F0BA820D6614600BEC5BC /* tsnavigitionBackArrow.png in Resources */,
				F55F0BA920D6614600BEC5BC /* tsnavigitionBackArrow@2x.png in Resources */,
				F55F0BAA20D6614600BEC5BC /* tsnavigitionBackArrow@3x.png in Resources */,
			);
			runOnlyForDeploymentPostprocessing = 0;
		};
		F57E08D420D4BB190048415F /* Resources */ = {
			isa = PBXResourcesBuildPhase;
			buildActionMask = 2147483647;
			files = (
			);
			runOnlyForDeploymentPostprocessing = 0;
		};
		F57E08DF20D4BB190048415F /* Resources */ = {
			isa = PBXResourcesBuildPhase;
			buildActionMask = 2147483647;
			files = (
			);
			runOnlyForDeploymentPostprocessing = 0;
		};
/* End PBXResourcesBuildPhase section */

/* Begin PBXSourcesBuildPhase section */
		F57E08BE20D4BB170048415F /* Sources */ = {
			isa = PBXSourcesBuildPhase;
			buildActionMask = 2147483647;
			files = (
				F57E08C820D4BB170048415F /* ViewController.swift in Sources */,
				F57E08F720D503B10048415F /* TSNavigationController.swift in Sources */,
				F55F0B9B20D5FE0F00BEC5BC /* TSTestHomeViewController.swift in Sources */,
				F55F0BA120D6001000BEC5BC /* TSTabbarSecondViewController.swift in Sources */,
				F57E08C620D4BB170048415F /* AppDelegate.swift in Sources */,
				F57E090320D50BC60048415F /* TSWrapViewController.swift in Sources */,
				F55F0BA320D65FE100BEC5BC /* UIViewController+NavigationBarConfig.swift in Sources */,
				F57E090520D50C8B0048415F /* TSVisibleNavigationController.swift in Sources */,
			);
			runOnlyForDeploymentPostprocessing = 0;
		};
		F57E08D220D4BB190048415F /* Sources */ = {
			isa = PBXSourcesBuildPhase;
			buildActionMask = 2147483647;
			files = (
				F57E08DB20D4BB190048415F /* TSNavigationControllerTests.swift in Sources */,
			);
			runOnlyForDeploymentPostprocessing = 0;
		};
		F57E08DD20D4BB190048415F /* Sources */ = {
			isa = PBXSourcesBuildPhase;
			buildActionMask = 2147483647;
			files = (
				F57E08E620D4BB190048415F /* TSNavigationControllerUITests.swift in Sources */,
			);
			runOnlyForDeploymentPostprocessing = 0;
		};
/* End PBXSourcesBuildPhase section */

/* Begin PBXTargetDependency section */
		F57E08D820D4BB190048415F /* PBXTargetDependency */ = {
			isa = PBXTargetDependency;
			target = F57E08C120D4BB170048415F /* TSNavigationController */;
			targetProxy = F57E08D720D4BB190048415F /* PBXContainerItemProxy */;
		};
		F57E08E320D4BB190048415F /* PBXTargetDependency */ = {
			isa = PBXTargetDependency;
			target = F57E08C120D4BB170048415F /* TSNavigationController */;
			targetProxy = F57E08E220D4BB190048415F /* PBXContainerItemProxy */;
		};
/* End PBXTargetDependency section */

/* Begin PBXVariantGroup section */
		F57E08C920D4BB170048415F /* Main.storyboard */ = {
			isa = PBXVariantGroup;
			children = (
				F57E08CA20D4BB170048415F /* Base */,
			);
			name = Main.storyboard;
			sourceTree = "<group>";
		};
		F57E08CE20D4BB190048415F /* LaunchScreen.storyboard */ = {
			isa = PBXVariantGroup;
			children = (
				F57E08CF20D4BB190048415F /* Base */,
			);
			name = LaunchScreen.storyboard;
			sourceTree = "<group>";
		};
/* End PBXVariantGroup section */

/* Begin XCBuildConfiguration section */
		F57E08E820D4BB190048415F /* Debug */ = {
			isa = XCBuildConfiguration;
			buildSettings = {
				ALWAYS_SEARCH_USER_PATHS = NO;
				CLANG_ANALYZER_NONNULL = YES;
				CLANG_ANALYZER_NUMBER_OBJECT_CONVERSION = YES_AGGRESSIVE;
				CLANG_CXX_LANGUAGE_STANDARD = "gnu++14";
				CLANG_CXX_LIBRARY = "libc++";
				CLANG_ENABLE_MODULES = YES;
				CLANG_ENABLE_OBJC_ARC = YES;
				CLANG_ENABLE_OBJC_WEAK = YES;
				CLANG_WARN_BLOCK_CAPTURE_AUTORELEASING = YES;
				CLANG_WARN_BOOL_CONVERSION = YES;
				CLANG_WARN_COMMA = YES;
				CLANG_WARN_CONSTANT_CONVERSION = YES;
				CLANG_WARN_DEPRECATED_OBJC_IMPLEMENTATIONS = YES;
				CLANG_WARN_DIRECT_OBJC_ISA_USAGE = YES_ERROR;
				CLANG_WARN_DOCUMENTATION_COMMENTS = YES;
				CLANG_WARN_EMPTY_BODY = YES;
				CLANG_WARN_ENUM_CONVERSION = YES;
				CLANG_WARN_INFINITE_RECURSION = YES;
				CLANG_WARN_INT_CONVERSION = YES;
				CLANG_WARN_NON_LITERAL_NULL_CONVERSION = YES;
				CLANG_WARN_OBJC_IMPLICIT_RETAIN_SELF = YES;
				CLANG_WARN_OBJC_LITERAL_CONVERSION = YES;
				CLANG_WARN_OBJC_ROOT_CLASS = YES_ERROR;
				CLANG_WARN_RANGE_LOOP_ANALYSIS = YES;
				CLANG_WARN_STRICT_PROTOTYPES = YES;
				CLANG_WARN_SUSPICIOUS_MOVE = YES;
				CLANG_WARN_UNGUARDED_AVAILABILITY = YES_AGGRESSIVE;
				CLANG_WARN_UNREACHABLE_CODE = YES;
				CLANG_WARN__DUPLICATE_METHOD_MATCH = YES;
				CODE_SIGN_IDENTITY = "iPhone Developer";
				COPY_PHASE_STRIP = NO;
				DEBUG_INFORMATION_FORMAT = dwarf;
				ENABLE_STRICT_OBJC_MSGSEND = YES;
				ENABLE_TESTABILITY = YES;
				GCC_C_LANGUAGE_STANDARD = gnu11;
				GCC_DYNAMIC_NO_PIC = NO;
				GCC_NO_COMMON_BLOCKS = YES;
				GCC_OPTIMIZATION_LEVEL = 0;
				GCC_PREPROCESSOR_DEFINITIONS = (
					"DEBUG=1",
					"$(inherited)",
				);
				GCC_WARN_64_TO_32_BIT_CONVERSION = YES;
				GCC_WARN_ABOUT_RETURN_TYPE = YES_ERROR;
				GCC_WARN_UNDECLARED_SELECTOR = YES;
				GCC_WARN_UNINITIALIZED_AUTOS = YES_AGGRESSIVE;
				GCC_WARN_UNUSED_FUNCTION = YES;
				GCC_WARN_UNUSED_VARIABLE = YES;
				IPHONEOS_DEPLOYMENT_TARGET = 11.3;
				MTL_ENABLE_DEBUG_INFO = YES;
				ONLY_ACTIVE_ARCH = YES;
				SDKROOT = iphoneos;
				SWIFT_ACTIVE_COMPILATION_CONDITIONS = DEBUG;
				SWIFT_OPTIMIZATION_LEVEL = "-Onone";
			};
			name = Debug;
		};
		F57E08E920D4BB190048415F /* Release */ = {
			isa = XCBuildConfiguration;
			buildSettings = {
				ALWAYS_SEARCH_USER_PATHS = NO;
				CLANG_ANALYZER_NONNULL = YES;
				CLANG_ANALYZER_NUMBER_OBJECT_CONVERSION = YES_AGGRESSIVE;
				CLANG_CXX_LANGUAGE_STANDARD = "gnu++14";
				CLANG_CXX_LIBRARY = "libc++";
				CLANG_ENABLE_MODULES = YES;
				CLANG_ENABLE_OBJC_ARC = YES;
				CLANG_ENABLE_OBJC_WEAK = YES;
				CLANG_WARN_BLOCK_CAPTURE_AUTORELEASING = YES;
				CLANG_WARN_BOOL_CONVERSION = YES;
				CLANG_WARN_COMMA = YES;
				CLANG_WARN_CONSTANT_CONVERSION = YES;
				CLANG_WARN_DEPRECATED_OBJC_IMPLEMENTATIONS = YES;
				CLANG_WARN_DIRECT_OBJC_ISA_USAGE = YES_ERROR;
				CLANG_WARN_DOCUMENTATION_COMMENTS = YES;
				CLANG_WARN_EMPTY_BODY = YES;
				CLANG_WARN_ENUM_CONVERSION = YES;
				CLANG_WARN_INFINITE_RECURSION = YES;
				CLANG_WARN_INT_CONVERSION = YES;
				CLANG_WARN_NON_LITERAL_NULL_CONVERSION = YES;
				CLANG_WARN_OBJC_IMPLICIT_RETAIN_SELF = YES;
				CLANG_WARN_OBJC_LITERAL_CONVERSION = YES;
				CLANG_WARN_OBJC_ROOT_CLASS = YES_ERROR;
				CLANG_WARN_RANGE_LOOP_ANALYSIS = YES;
				CLANG_WARN_STRICT_PROTOTYPES = YES;
				CLANG_WARN_SUSPICIOUS_MOVE = YES;
				CLANG_WARN_UNGUARDED_AVAILABILITY = YES_AGGRESSIVE;
				CLANG_WARN_UNREACHABLE_CODE = YES;
				CLANG_WARN__DUPLICATE_METHOD_MATCH = YES;
				CODE_SIGN_IDENTITY = "iPhone Developer";
				COPY_PHASE_STRIP = NO;
				DEBUG_INFORMATION_FORMAT = "dwarf-with-dsym";
				ENABLE_NS_ASSERTIONS = NO;
				ENABLE_STRICT_OBJC_MSGSEND = YES;
				GCC_C_LANGUAGE_STANDARD = gnu11;
				GCC_NO_COMMON_BLOCKS = YES;
				GCC_WARN_64_TO_32_BIT_CONVERSION = YES;
				GCC_WARN_ABOUT_RETURN_TYPE = YES_ERROR;
				GCC_WARN_UNDECLARED_SELECTOR = YES;
				GCC_WARN_UNINITIALIZED_AUTOS = YES_AGGRESSIVE;
				GCC_WARN_UNUSED_FUNCTION = YES;
				GCC_WARN_UNUSED_VARIABLE = YES;
				IPHONEOS_DEPLOYMENT_TARGET = 11.3;
				MTL_ENABLE_DEBUG_INFO = NO;
				SDKROOT = iphoneos;
				SWIFT_COMPILATION_MODE = wholemodule;
				SWIFT_OPTIMIZATION_LEVEL = "-O";
				VALIDATE_PRODUCT = YES;
			};
			name = Release;
		};
		F57E08EB20D4BB190048415F /* Debug */ = {
			isa = XCBuildConfiguration;
			buildSettings = {
				ASSETCATALOG_COMPILER_APPICON_NAME = AppIcon;
				CODE_SIGN_STYLE = Automatic;
				DEVELOPMENT_TEAM = C74VQ3FE9N;
				INFOPLIST_FILE = TSNavigationController/Info.plist;
				LD_RUNPATH_SEARCH_PATHS = (
					"$(inherited)",
					"@executable_path/Frameworks",
				);
				PRODUCT_BUNDLE_IDENTIFIER = caiqr.TSNavigationController;
				PRODUCT_NAME = "$(TARGET_NAME)";
				SWIFT_VERSION = 4.0;
				TARGETED_DEVICE_FAMILY = "1,2";
			};
			name = Debug;
		};
		F57E08EC20D4BB190048415F /* Release */ = {
			isa = XCBuildConfiguration;
			buildSettings = {
				ASSETCATALOG_COMPILER_APPICON_NAME = AppIcon;
				CODE_SIGN_STYLE = Automatic;
				DEVELOPMENT_TEAM = C74VQ3FE9N;
				INFOPLIST_FILE = TSNavigationController/Info.plist;
				LD_RUNPATH_SEARCH_PATHS = (
					"$(inherited)",
					"@executable_path/Frameworks",
				);
				PRODUCT_BUNDLE_IDENTIFIER = caiqr.TSNavigationController;
				PRODUCT_NAME = "$(TARGET_NAME)";
				SWIFT_VERSION = 4.0;
				TARGETED_DEVICE_FAMILY = "1,2";
			};
			name = Release;
		};
		F57E08EE20D4BB190048415F /* Debug */ = {
			isa = XCBuildConfiguration;
			buildSettings = {
				ALWAYS_EMBED_SWIFT_STANDARD_LIBRARIES = YES;
				BUNDLE_LOADER = "$(TEST_HOST)";
				CODE_SIGN_STYLE = Automatic;
				DEVELOPMENT_TEAM = C74VQ3FE9N;
				INFOPLIST_FILE = TSNavigationControllerTests/Info.plist;
				LD_RUNPATH_SEARCH_PATHS = (
					"$(inherited)",
					"@executable_path/Frameworks",
					"@loader_path/Frameworks",
				);
				PRODUCT_BUNDLE_IDENTIFIER = caiqr.TSNavigationControllerTests;
				PRODUCT_NAME = "$(TARGET_NAME)";
				SWIFT_VERSION = 4.0;
				TARGETED_DEVICE_FAMILY = "1,2";
				TEST_HOST = "$(BUILT_PRODUCTS_DIR)/TSNavigationController.app/TSNavigationController";
			};
			name = Debug;
		};
		F57E08EF20D4BB190048415F /* Release */ = {
			isa = XCBuildConfiguration;
			buildSettings = {
				ALWAYS_EMBED_SWIFT_STANDARD_LIBRARIES = YES;
				BUNDLE_LOADER = "$(TEST_HOST)";
				CODE_SIGN_STYLE = Automatic;
				DEVELOPMENT_TEAM = C74VQ3FE9N;
				INFOPLIST_FILE = TSNavigationControllerTests/Info.plist;
				LD_RUNPATH_SEARCH_PATHS = (
					"$(inherited)",
					"@executable_path/Frameworks",
					"@loader_path/Frameworks",
				);
				PRODUCT_BUNDLE_IDENTIFIER = caiqr.TSNavigationControllerTests;
				PRODUCT_NAME = "$(TARGET_NAME)";
				SWIFT_VERSION = 4.0;
				TARGETED_DEVICE_FAMILY = "1,2";
				TEST_HOST = "$(BUILT_PRODUCTS_DIR)/TSNavigationController.app/TSNavigationController";
			};
			name = Release;
		};
		F57E08F120D4BB190048415F /* Debug */ = {
			isa = XCBuildConfiguration;
			buildSettings = {
				ALWAYS_EMBED_SWIFT_STANDARD_LIBRARIES = YES;
				CODE_SIGN_STYLE = Automatic;
				DEVELOPMENT_TEAM = C74VQ3FE9N;
				INFOPLIST_FILE = TSNavigationControllerUITests/Info.plist;
				LD_RUNPATH_SEARCH_PATHS = (
					"$(inherited)",
					"@executable_path/Frameworks",
					"@loader_path/Frameworks",
				);
				PRODUCT_BUNDLE_IDENTIFIER = caiqr.TSNavigationControllerUITests;
				PRODUCT_NAME = "$(TARGET_NAME)";
				SWIFT_VERSION = 4.0;
				TARGETED_DEVICE_FAMILY = "1,2";
				TEST_TARGET_NAME = TSNavigationController;
			};
			name = Debug;
		};
		F57E08F220D4BB190048415F /* Release */ = {
			isa = XCBuildConfiguration;
			buildSettings = {
				ALWAYS_EMBED_SWIFT_STANDARD_LIBRARIES = YES;
				CODE_SIGN_STYLE = Automatic;
				DEVELOPMENT_TEAM = C74VQ3FE9N;
				INFOPLIST_FILE = TSNavigationControllerUITests/Info.plist;
				LD_RUNPATH_SEARCH_PATHS = (
					"$(inherited)",
					"@executable_path/Frameworks",
					"@loader_path/Frameworks",
				);
				PRODUCT_BUNDLE_IDENTIFIER = caiqr.TSNavigationControllerUITests;
				PRODUCT_NAME = "$(TARGET_NAME)";
				SWIFT_VERSION = 4.0;
				TARGETED_DEVICE_FAMILY = "1,2";
				TEST_TARGET_NAME = TSNavigationController;
			};
			name = Release;
		};
/* End XCBuildConfiguration section */

/* Begin XCConfigurationList section */
		F57E08BD20D4BB170048415F /* Build configuration list for PBXProject "TSNavigationController" */ = {
			isa = XCConfigurationList;
			buildConfigurations = (
				F57E08E820D4BB190048415F /* Debug */,
				F57E08E920D4BB190048415F /* Release */,
			);
			defaultConfigurationIsVisible = 0;
			defaultConfigurationName = Release;
		};
		F57E08EA20D4BB190048415F /* Build configuration list for PBXNativeTarget "TSNavigationController" */ = {
			isa = XCConfigurationList;
			buildConfigurations = (
				F57E08EB20D4BB190048415F /* Debug */,
				F57E08EC20D4BB190048415F /* Release */,
			);
			defaultConfigurationIsVisible = 0;
			defaultConfigurationName = Release;
		};
		F57E08ED20D4BB190048415F /* Build configuration list for PBXNativeTarget "TSNavigationControllerTests" */ = {
			isa = XCConfigurationList;
			buildConfigurations = (
				F57E08EE20D4BB190048415F /* Debug */,
				F57E08EF20D4BB190048415F /* Release */,
			);
			defaultConfigurationIsVisible = 0;
			defaultConfigurationName = Release;
		};
		F57E08F020D4BB190048415F /* Build configuration list for PBXNativeTarget "TSNavigationControllerUITests" */ = {
			isa = XCConfigurationList;
			buildConfigurations = (
				F57E08F120D4BB190048415F /* Debug */,
				F57E08F220D4BB190048415F /* Release */,
			);
			defaultConfigurationIsVisible = 0;
			defaultConfigurationName = Release;
		};
/* End XCConfigurationList section */
	};
	rootObject = F57E08BA20D4BB170048415F /* Project object */;
}
